
Microsoft Visual Studio Solution File, Format Version 12.00
# Visual Studio 14
VisualStudioVersion = 14.0.24720.0
MinimumVisualStudioVersion = 10.0.40219.1
Project("{FAE04EC0-301F-11D3-BF4B-00C04F79EFBC}") = "WebApi", "WebApi\WebApi.csproj", "{CB32FE95-9B66-4A97-A8C9-6233E96973E0}"
EndProject
Project("{2150E333-8FDC-42A3-9474-1A3956D46DE8}") = "Common", "Common", "{AA82ACEC-B7B4-4541-BDCA-90B79DC235C1}"
EndProject
Project("{FAE04EC0-301F-11D3-BF4B-00C04F79EFBC}") = "Model", "Model\Model.csproj", "{5605E6B8-5CD9-4A70-837B-82AC7D186187}"
EndProject
Project("{FAE04EC0-301F-11D3-BF4B-00C04F79EFBC}") = "Share", "Share\Share.csproj", "{3F985F52-7CBF-4572-A9B2-6667D84D9EDA}"
EndProject
Project("{FAE04EC0-301F-11D3-BF4B-00C04F79EFBC}") = "Service", "Service\Service.csproj", "{5329FDDB-ABC2-4F38-892F-4E2297B76346}"
EndProject
Project("{FAE04EC0-301F-11D3-BF4B-00C04F79EFBC}") = "Contracts", "Contracts\Contracts.csproj", "{A76C582D-E567-4CB7-A54E-BB5FC362DEEE}"
EndProject
Project("{FAE04EC0-301F-11D3-BF4B-00C04F79EFBC}") = "DataAccess", "DataAccess\DataAccess.csproj", "{BC0FCEBF-ECC1-454E-970E-9FC57D1410F4}"
EndProject
Project("{FAE04EC0-301F-11D3-BF4B-00C04F79EFBC}") = "DataAccess.SqlServer", "DataAccess.SqlServer\DataAccess.SqlServer.csproj", "{8429FFF2-94E0-4A46-A117-2E0A5D5699FF}"
EndProject
Project("{FAE04EC0-301F-11D3-BF4B-00C04F79EFBC}") = "DataAccess.Repo", "DataAccess.Repo\DataAccess.Repo.csproj", "{488122E1-4745-46CC-BE22-C6949563C8D1}"
EndProject
Project("{2150E333-8FDC-42A3-9474-1A3956D46DE8}") = "Tests", "Tests", "{E9C706B1-2239-4AC8-A474-2957DAE32423}"
EndProject
Project("{FAE04EC0-301F-11D3-BF4B-00C04F79EFBC}") = "Proxy", "Proxy\Proxy.csproj", "{4EA8F83E-2D9F-457F-940F-8E1CA2B945A1}"
EndProject
Project("{FAE04EC0-301F-11D3-BF4B-00C04F79EFBC}") = "Controllers", "Controllers\Controllers.csproj", "{5D8FD707-5D87-4CC5-AC8E-3A7B028436B4}"
EndProject
Project("{2150E333-8FDC-42A3-9474-1A3956D46DE8}") = "Auth", "Auth", "{C8980111-FEE5-4968-B8A3-8E6FA7496E11}"
EndProject
Project("{FAE04EC0-301F-11D3-BF4B-00C04F79EFBC}") = "Auth.Contracts", "Auth.Contracts\Auth.Contracts.csproj", "{ED735613-4D29-47C8-B536-0BE9C7FDFD3E}"
EndProject
Project("{FAE04EC0-301F-11D3-BF4B-00C04F79EFBC}") = "Auth.Controllers", "Auth.Controllers\Auth.Controllers.csproj", "{227588C1-B079-41F3-B0D8-28E80063E601}"
EndProject
Project("{FAE04EC0-301F-11D3-BF4B-00C04F79EFBC}") = "Auth.DataAccess", "Auth.DataAccess\Auth.DataAccess.csproj", "{E653C026-1EEA-4099-A707-31036533FEDF}"
EndProject
Project("{FAE04EC0-301F-11D3-BF4B-00C04F79EFBC}") = "Auth.DataAccess.Repo", "Auth.DataAccess.Repo\Auth.DataAccess.Repo.csproj", "{141519EB-8ED4-4963-8154-1F4F81407DF3}"
EndProject
Project("{FAE04EC0-301F-11D3-BF4B-00C04F79EFBC}") = "Auth.DataAccess.SqlServer", "Auth.DataAccess.SqlServer\Auth.DataAccess.SqlServer.csproj", "{A90D9C66-7CF5-4260-B4FB-B4CFFEFBD027}"
EndProject
Project("{FAE04EC0-301F-11D3-BF4B-00C04F79EFBC}") = "Auth.Model", "Auth.Model\Auth.Model.csproj", "{DE5DD3B1-6DA3-43BE-AB9A-EE817765C0FF}"
EndProject
Project("{FAE04EC0-301F-11D3-BF4B-00C04F79EFBC}") = "Auth.Proxy", "Auth.Proxy\Auth.Proxy.csproj", "{E83CCBB8-2A02-4078-AD8A-47AB662C033B}"
EndProject
Project("{FAE04EC0-301F-11D3-BF4B-00C04F79EFBC}") = "Auth.Service", "Auth.Service\Auth.Service.csproj", "{3FA2E16F-3826-4E30-B600-CB21671183A9}"
EndProject
Project("{FAE04EC0-301F-11D3-BF4B-00C04F79EFBC}") = "Common.Test", "Common.Test\Common.Test.csproj", "{8C05870E-790A-47B2-B3E8-042F7CE849C7}"
EndProject
Project("{FAE04EC0-301F-11D3-BF4B-00C04F79EFBC}") = "Test.Tools", "Test.Tools\Test.Tools.csproj", "{C5DD96A4-5C56-41EF-AF85-D63BDE0A5E27}"
EndProject
Project("{2150E333-8FDC-42A3-9474-1A3956D46DE8}") = "Configs", "Configs", "{A0036075-03A7-4078-8195-2A7796D7BEBF}"
	ProjectSection(SolutionItems) = preProject
		Configs\wap.connectionStrings.config = Configs\wap.connectionStrings.config
	EndProjectSection
EndProject
Project("{2150E333-8FDC-42A3-9474-1A3956D46DE8}") = "entlib", "entlib", "{6DED2D21-348D-4FA1-96DF-C8234BB80771}"
	ProjectSection(SolutionItems) = preProject
		Configs\entlib\entlib.config = Configs\entlib\entlib.config
		Configs\entlib\entlib.unity.job.config = Configs\entlib\entlib.unity.job.config
		Configs\entlib\entlib.unity.service.config = Configs\entlib\entlib.unity.service.config
		Configs\entlib\entlib.unity.storage.config = Configs\entlib\entlib.unity.storage.config
		Configs\entlib\entlib.unity.webapi.config = Configs\entlib\entlib.unity.webapi.config
	EndProjectSection
EndProject
Project("{FAE04EC0-301F-11D3-BF4B-00C04F79EFBC}") = "WebApi.Core", "WebApi.Core\WebApi.Core.csproj", "{551C2741-074F-45B5-BAD9-1AA2A36C923F}"
EndProject
Project("{FAE04EC0-301F-11D3-BF4B-00C04F79EFBC}") = "Auth.Core", "Auth.Core\Auth.Core.csproj", "{919476FF-07B8-41C8-9AC7-113B72967681}"
EndProject
Global
	GlobalSection(SolutionConfigurationPlatforms) = preSolution
		Debug|Any CPU = Debug|Any CPU
		Release|Any CPU = Release|Any CPU
	EndGlobalSection
	GlobalSection(ProjectConfigurationPlatforms) = postSolution
		{CB32FE95-9B66-4A97-A8C9-6233E96973E0}.Debug|Any CPU.ActiveCfg = Debug|Any CPU
		{CB32FE95-9B66-4A97-A8C9-6233E96973E0}.Debug|Any CPU.Build.0 = Debug|Any CPU
		{CB32FE95-9B66-4A97-A8C9-6233E96973E0}.Release|Any CPU.ActiveCfg = Release|Any CPU
		{CB32FE95-9B66-4A97-A8C9-6233E96973E0}.Release|Any CPU.Build.0 = Release|Any CPU
		{5605E6B8-5CD9-4A70-837B-82AC7D186187}.Debug|Any CPU.ActiveCfg = Debug|Any CPU
		{5605E6B8-5CD9-4A70-837B-82AC7D186187}.Debug|Any CPU.Build.0 = Debug|Any CPU
		{5605E6B8-5CD9-4A70-837B-82AC7D186187}.Release|Any CPU.ActiveCfg = Release|Any CPU
		{5605E6B8-5CD9-4A70-837B-82AC7D186187}.Release|Any CPU.Build.0 = Release|Any CPU
		{3F985F52-7CBF-4572-A9B2-6667D84D9EDA}.Debug|Any CPU.ActiveCfg = Debug|Any CPU
		{3F985F52-7CBF-4572-A9B2-6667D84D9EDA}.Debug|Any CPU.Build.0 = Debug|Any CPU
		{3F985F52-7CBF-4572-A9B2-6667D84D9EDA}.Release|Any CPU.ActiveCfg = Release|Any CPU
		{3F985F52-7CBF-4572-A9B2-6667D84D9EDA}.Release|Any CPU.Build.0 = Release|Any CPU
		{5329FDDB-ABC2-4F38-892F-4E2297B76346}.Debug|Any CPU.ActiveCfg = Debug|Any CPU
		{5329FDDB-ABC2-4F38-892F-4E2297B76346}.Debug|Any CPU.Build.0 = Debug|Any CPU
		{5329FDDB-ABC2-4F38-892F-4E2297B76346}.Release|Any CPU.ActiveCfg = Release|Any CPU
		{5329FDDB-ABC2-4F38-892F-4E2297B76346}.Release|Any CPU.Build.0 = Release|Any CPU
		{A76C582D-E567-4CB7-A54E-BB5FC362DEEE}.Debug|Any CPU.ActiveCfg = Debug|Any CPU
		{A76C582D-E567-4CB7-A54E-BB5FC362DEEE}.Debug|Any CPU.Build.0 = Debug|Any CPU
		{A76C582D-E567-4CB7-A54E-BB5FC362DEEE}.Release|Any CPU.ActiveCfg = Release|Any CPU
		{A76C582D-E567-4CB7-A54E-BB5FC362DEEE}.Release|Any CPU.Build.0 = Release|Any CPU
		{BC0FCEBF-ECC1-454E-970E-9FC57D1410F4}.Debug|Any CPU.ActiveCfg = Debug|Any CPU
		{BC0FCEBF-ECC1-454E-970E-9FC57D1410F4}.Debug|Any CPU.Build.0 = Debug|Any CPU
		{BC0FCEBF-ECC1-454E-970E-9FC57D1410F4}.Release|Any CPU.ActiveCfg = Release|Any CPU
		{BC0FCEBF-ECC1-454E-970E-9FC57D1410F4}.Release|Any CPU.Build.0 = Release|Any CPU
		{8429FFF2-94E0-4A46-A117-2E0A5D5699FF}.Debug|Any CPU.ActiveCfg = Debug|Any CPU
		{8429FFF2-94E0-4A46-A117-2E0A5D5699FF}.Debug|Any CPU.Build.0 = Debug|Any CPU
		{8429FFF2-94E0-4A46-A117-2E0A5D5699FF}.Release|Any CPU.ActiveCfg = Release|Any CPU
		{8429FFF2-94E0-4A46-A117-2E0A5D5699FF}.Release|Any CPU.Build.0 = Release|Any CPU
		{488122E1-4745-46CC-BE22-C6949563C8D1}.Debug|Any CPU.ActiveCfg = Debug|Any CPU
		{488122E1-4745-46CC-BE22-C6949563C8D1}.Debug|Any CPU.Build.0 = Debug|Any CPU
		{488122E1-4745-46CC-BE22-C6949563C8D1}.Release|Any CPU.ActiveCfg = Release|Any CPU
		{488122E1-4745-46CC-BE22-C6949563C8D1}.Release|Any CPU.Build.0 = Release|Any CPU
		{4EA8F83E-2D9F-457F-940F-8E1CA2B945A1}.Debug|Any CPU.ActiveCfg = Debug|Any CPU
		{4EA8F83E-2D9F-457F-940F-8E1CA2B945A1}.Debug|Any CPU.Build.0 = Debug|Any CPU
		{4EA8F83E-2D9F-457F-940F-8E1CA2B945A1}.Release|Any CPU.ActiveCfg = Release|Any CPU
		{4EA8F83E-2D9F-457F-940F-8E1CA2B945A1}.Release|Any CPU.Build.0 = Release|Any CPU
		{5D8FD707-5D87-4CC5-AC8E-3A7B028436B4}.Debug|Any CPU.ActiveCfg = Debug|Any CPU
		{5D8FD707-5D87-4CC5-AC8E-3A7B028436B4}.Debug|Any CPU.Build.0 = Debug|Any CPU
		{5D8FD707-5D87-4CC5-AC8E-3A7B028436B4}.Release|Any CPU.ActiveCfg = Release|Any CPU
		{5D8FD707-5D87-4CC5-AC8E-3A7B028436B4}.Release|Any CPU.Build.0 = Release|Any CPU
		{ED735613-4D29-47C8-B536-0BE9C7FDFD3E}.Debug|Any CPU.ActiveCfg = Debug|Any CPU
		{ED735613-4D29-47C8-B536-0BE9C7FDFD3E}.Debug|Any CPU.Build.0 = Debug|Any CPU
		{ED735613-4D29-47C8-B536-0BE9C7FDFD3E}.Release|Any CPU.ActiveCfg = Release|Any CPU
		{ED735613-4D29-47C8-B536-0BE9C7FDFD3E}.Release|Any CPU.Build.0 = Release|Any CPU
		{227588C1-B079-41F3-B0D8-28E80063E601}.Debug|Any CPU.ActiveCfg = Debug|Any CPU
		{227588C1-B079-41F3-B0D8-28E80063E601}.Debug|Any CPU.Build.0 = Debug|Any CPU
		{227588C1-B079-41F3-B0D8-28E80063E601}.Release|Any CPU.ActiveCfg = Release|Any CPU
		{227588C1-B079-41F3-B0D8-28E80063E601}.Release|Any CPU.Build.0 = Release|Any CPU
		{E653C026-1EEA-4099-A707-31036533FEDF}.Debug|Any CPU.ActiveCfg = Debug|Any CPU
		{E653C026-1EEA-4099-A707-31036533FEDF}.Debug|Any CPU.Build.0 = Debug|Any CPU
		{E653C026-1EEA-4099-A707-31036533FEDF}.Release|Any CPU.ActiveCfg = Release|Any CPU
		{E653C026-1EEA-4099-A707-31036533FEDF}.Release|Any CPU.Build.0 = Release|Any CPU
		{141519EB-8ED4-4963-8154-1F4F81407DF3}.Debug|Any CPU.ActiveCfg = Debug|Any CPU
		{141519EB-8ED4-4963-8154-1F4F81407DF3}.Debug|Any CPU.Build.0 = Debug|Any CPU
		{141519EB-8ED4-4963-8154-1F4F81407DF3}.Release|Any CPU.ActiveCfg = Release|Any CPU
		{141519EB-8ED4-4963-8154-1F4F81407DF3}.Release|Any CPU.Build.0 = Release|Any CPU
		{A90D9C66-7CF5-4260-B4FB-B4CFFEFBD027}.Debug|Any CPU.ActiveCfg = Debug|Any CPU
		{A90D9C66-7CF5-4260-B4FB-B4CFFEFBD027}.Debug|Any CPU.Build.0 = Debug|Any CPU
		{A90D9C66-7CF5-4260-B4FB-B4CFFEFBD027}.Release|Any CPU.ActiveCfg = Release|Any CPU
		{A90D9C66-7CF5-4260-B4FB-B4CFFEFBD027}.Release|Any CPU.Build.0 = Release|Any CPU
		{DE5DD3B1-6DA3-43BE-AB9A-EE817765C0FF}.Debug|Any CPU.ActiveCfg = Debug|Any CPU
		{DE5DD3B1-6DA3-43BE-AB9A-EE817765C0FF}.Debug|Any CPU.Build.0 = Debug|Any CPU
		{DE5DD3B1-6DA3-43BE-AB9A-EE817765C0FF}.Release|Any CPU.ActiveCfg = Release|Any CPU
		{DE5DD3B1-6DA3-43BE-AB9A-EE817765C0FF}.Release|Any CPU.Build.0 = Release|Any CPU
		{E83CCBB8-2A02-4078-AD8A-47AB662C033B}.Debug|Any CPU.ActiveCfg = Debug|Any CPU
		{E83CCBB8-2A02-4078-AD8A-47AB662C033B}.Debug|Any CPU.Build.0 = Debug|Any CPU
		{E83CCBB8-2A02-4078-AD8A-47AB662C033B}.Release|Any CPU.ActiveCfg = Release|Any CPU
		{E83CCBB8-2A02-4078-AD8A-47AB662C033B}.Release|Any CPU.Build.0 = Release|Any CPU
		{3FA2E16F-3826-4E30-B600-CB21671183A9}.Debug|Any CPU.ActiveCfg = Debug|Any CPU
		{3FA2E16F-3826-4E30-B600-CB21671183A9}.Debug|Any CPU.Build.0 = Debug|Any CPU
		{3FA2E16F-3826-4E30-B600-CB21671183A9}.Release|Any CPU.ActiveCfg = Release|Any CPU
		{3FA2E16F-3826-4E30-B600-CB21671183A9}.Release|Any CPU.Build.0 = Release|Any CPU
		{8C05870E-790A-47B2-B3E8-042F7CE849C7}.Debug|Any CPU.ActiveCfg = Debug|Any CPU
		{8C05870E-790A-47B2-B3E8-042F7CE849C7}.Debug|Any CPU.Build.0 = Debug|Any CPU
		{8C05870E-790A-47B2-B3E8-042F7CE849C7}.Release|Any CPU.ActiveCfg = Release|Any CPU
		{8C05870E-790A-47B2-B3E8-042F7CE849C7}.Release|Any CPU.Build.0 = Release|Any CPU
		{C5DD96A4-5C56-41EF-AF85-D63BDE0A5E27}.Debug|Any CPU.ActiveCfg = Debug|Any CPU
		{C5DD96A4-5C56-41EF-AF85-D63BDE0A5E27}.Debug|Any CPU.Build.0 = Debug|Any CPU
		{C5DD96A4-5C56-41EF-AF85-D63BDE0A5E27}.Release|Any CPU.ActiveCfg = Release|Any CPU
		{C5DD96A4-5C56-41EF-AF85-D63BDE0A5E27}.Release|Any CPU.Build.0 = Release|Any CPU
		{551C2741-074F-45B5-BAD9-1AA2A36C923F}.Debug|Any CPU.ActiveCfg = Debug|Any CPU
		{551C2741-074F-45B5-BAD9-1AA2A36C923F}.Debug|Any CPU.Build.0 = Debug|Any CPU
		{551C2741-074F-45B5-BAD9-1AA2A36C923F}.Release|Any CPU.ActiveCfg = Release|Any CPU
		{551C2741-074F-45B5-BAD9-1AA2A36C923F}.Release|Any CPU.Build.0 = Release|Any CPU
		{919476FF-07B8-41C8-9AC7-113B72967681}.Debug|Any CPU.ActiveCfg = Debug|Any CPU
		{919476FF-07B8-41C8-9AC7-113B72967681}.Debug|Any CPU.Build.0 = Debug|Any CPU
		{919476FF-07B8-41C8-9AC7-113B72967681}.Release|Any CPU.ActiveCfg = Release|Any CPU
		{919476FF-07B8-41C8-9AC7-113B72967681}.Release|Any CPU.Build.0 = Release|Any CPU
	EndGlobalSection
	GlobalSection(SolutionProperties) = preSolution
		HideSolutionNode = FALSE
	EndGlobalSection
	GlobalSection(NestedProjects) = preSolution
		{5605E6B8-5CD9-4A70-837B-82AC7D186187} = {AA82ACEC-B7B4-4541-BDCA-90B79DC235C1}
		{5329FDDB-ABC2-4F38-892F-4E2297B76346} = {AA82ACEC-B7B4-4541-BDCA-90B79DC235C1}
		{A76C582D-E567-4CB7-A54E-BB5FC362DEEE} = {AA82ACEC-B7B4-4541-BDCA-90B79DC235C1}
		{BC0FCEBF-ECC1-454E-970E-9FC57D1410F4} = {AA82ACEC-B7B4-4541-BDCA-90B79DC235C1}
		{8429FFF2-94E0-4A46-A117-2E0A5D5699FF} = {AA82ACEC-B7B4-4541-BDCA-90B79DC235C1}
		{488122E1-4745-46CC-BE22-C6949563C8D1} = {AA82ACEC-B7B4-4541-BDCA-90B79DC235C1}
		{4EA8F83E-2D9F-457F-940F-8E1CA2B945A1} = {AA82ACEC-B7B4-4541-BDCA-90B79DC235C1}
		{5D8FD707-5D87-4CC5-AC8E-3A7B028436B4} = {AA82ACEC-B7B4-4541-BDCA-90B79DC235C1}
		{ED735613-4D29-47C8-B536-0BE9C7FDFD3E} = {C8980111-FEE5-4968-B8A3-8E6FA7496E11}
		{227588C1-B079-41F3-B0D8-28E80063E601} = {C8980111-FEE5-4968-B8A3-8E6FA7496E11}
		{E653C026-1EEA-4099-A707-31036533FEDF} = {C8980111-FEE5-4968-B8A3-8E6FA7496E11}
		{141519EB-8ED4-4963-8154-1F4F81407DF3} = {C8980111-FEE5-4968-B8A3-8E6FA7496E11}
		{A90D9C66-7CF5-4260-B4FB-B4CFFEFBD027} = {C8980111-FEE5-4968-B8A3-8E6FA7496E11}
		{DE5DD3B1-6DA3-43BE-AB9A-EE817765C0FF} = {C8980111-FEE5-4968-B8A3-8E6FA7496E11}
		{E83CCBB8-2A02-4078-AD8A-47AB662C033B} = {C8980111-FEE5-4968-B8A3-8E6FA7496E11}
		{3FA2E16F-3826-4E30-B600-CB21671183A9} = {C8980111-FEE5-4968-B8A3-8E6FA7496E11}
		{8C05870E-790A-47B2-B3E8-042F7CE849C7} = {E9C706B1-2239-4AC8-A474-2957DAE32423}
		{C5DD96A4-5C56-41EF-AF85-D63BDE0A5E27} = {E9C706B1-2239-4AC8-A474-2957DAE32423}
		{6DED2D21-348D-4FA1-96DF-C8234BB80771} = {A0036075-03A7-4078-8195-2A7796D7BEBF}
		{919476FF-07B8-41C8-9AC7-113B72967681} = {C8980111-FEE5-4968-B8A3-8E6FA7496E11}
	EndGlobalSection
	GlobalSection(ExtensibilityGlobals) = postSolution
		EnterpriseLibraryConfigurationToolBinariesPathV6 = packages\EnterpriseLibrary.Common.6.0.1304.0\lib\NET45;packages\EnterpriseLibrary.Data.6.0.1304.0\lib\NET45;packages\EnterpriseLibrary.ExceptionHandling.6.0.1304.0\lib\NET45;packages\EnterpriseLibrary.Logging.6.0.1304.0\lib\NET45;packages\EnterpriseLibrary.ExceptionHandling.Logging.6.0.1304.0\lib\NET45
	EndGlobalSection
EndGlobal
